
Microsoft Visual Studio Solution File, Format Version 12.00
# Visual Studio 15
VisualStudioVersion = 15.0.27130.2027
MinimumVisualStudioVersion = 10.0.40219.1
Project("{9A19103F-16F7-4668-BE54-9A1E7A4F7556}") = "KbUtil.Console", "KbUtil.Console\KbUtil.Console.csproj", "{43FA54A0-3010-418C-97D6-FD08EE0FE439}"
EndProject
Project("{9A19103F-16F7-4668-BE54-9A1E7A4F7556}") = "KbUtil.Lib", "KbUtil.Lib\KbUtil.Lib.csproj", "{A5F415F0-62E0-4ECB-97C9-0E7262FFCC5C}"
EndProject
Global
	GlobalSection(SolutionConfigurationPlatforms) = preSolution
		Debug|Any CPU = Debug|Any CPU
		Release|Any CPU = Release|Any CPU
	EndGlobalSection
	GlobalSection(ProjectConfigurationPlatforms) = postSolution
		{43FA54A0-3010-418C-97D6-FD08EE0FE439}.Debug|Any CPU.ActiveCfg = Debug|Any CPU
		{43FA54A0-3010-418C-97D6-FD08EE0FE439}.Debug|Any CPU.Build.0 = Debug|Any CPU
		{43FA54A0-3010-418C-97D6-FD08EE0FE439}.Release|Any CPU.ActiveCfg = Release|Any CPU
		{43FA54A0-3010-418C-97D6-FD08EE0FE439}.Release|Any CPU.Build.0 = Release|Any CPU
		{A5F415F0-62E0-4ECB-97C9-0E7262FFCC5C}.Debug|Any CPU.ActiveCfg = Debug|Any CPU
		{A5F415F0-62E0-4ECB-97C9-0E7262FFCC5C}.Debug|Any CPU.Build.0 = Debug|Any CPU
		{A5F415F0-62E0-4ECB-97C9-0E7262FFCC5C}.Release|Any CPU.ActiveCfg = Release|Any CPU
		{A5F415F0-62E0-4ECB-97C9-0E7262FFCC5C}.Release|Any CPU.Build.0 = Release|Any CPU
	EndGlobalSection
	GlobalSection(SolutionProperties) = preSolution
		HideSolutionNode = FALSE
	EndGlobalSection
	GlobalSection(ExtensibilityGlobals) = postSolution
		SolutionGuid = {AC4F9F9D-0BAE-4745-82C3-7A7B56CA261B}
	EndGlobalSection
EndGlobal
